
Microsoft Visual Studio Solution File, Format Version 12.00
# Visual Studio Version 17
VisualStudioVersion = 17.14.36121.58
MinimumVisualStudioVersion = 10.0.40219.1
Project("{FAE04EC0-301F-11D3-BF4B-00C04F79EFBC}") = "RCDragManagerProd", "RCDragManagerProd.csproj", "{6B8887F0-38D9-47A1-9C6D-E1702F3FD1D6}"
EndProject
Project("{FAE04EC0-301F-11D3-BF4B-00C04F79EFBC}") = "RCDragManagerProd.WPF", "..\RCDragManagerProd.WPF\RCDragManagerProd.WPF.csproj", "{F9F8555B-07B5-4EDD-9E1F-7E6243E23877}"
EndProject
Global
	GlobalSection(SolutionConfigurationPlatforms) = preSolution
		Debug|Any CPU = Debug|Any CPU
		Debug|x64 = Debug|x64
		Debug|x86 = Debug|x86
		Release|Any CPU = Release|Any CPU
		Release|x64 = Release|x64
		Release|x86 = Release|x86
	EndGlobalSection
	GlobalSection(ProjectConfigurationPlatforms) = postSolution
		{6B8887F0-38D9-47A1-9C6D-E1702F3FD1D6}.Debug|Any CPU.ActiveCfg = Debug|Any CPU
		{6B8887F0-38D9-47A1-9C6D-E1702F3FD1D6}.Debug|Any CPU.Build.0 = Debug|Any CPU
		{6B8887F0-38D9-47A1-9C6D-E1702F3FD1D6}.Debug|x64.ActiveCfg = Debug|Any CPU
		{6B8887F0-38D9-47A1-9C6D-E1702F3FD1D6}.Debug|x64.Build.0 = Debug|Any CPU
		{6B8887F0-38D9-47A1-9C6D-E1702F3FD1D6}.Debug|x86.ActiveCfg = Debug|Any CPU
		{6B8887F0-38D9-47A1-9C6D-E1702F3FD1D6}.Debug|x86.Build.0 = Debug|Any CPU
		{6B8887F0-38D9-47A1-9C6D-E1702F3FD1D6}.Release|Any CPU.ActiveCfg = Release|Any CPU
		{6B8887F0-38D9-47A1-9C6D-E1702F3FD1D6}.Release|Any CPU.Build.0 = Release|Any CPU
		{6B8887F0-38D9-47A1-9C6D-E1702F3FD1D6}.Release|x64.ActiveCfg = Release|Any CPU
		{6B8887F0-38D9-47A1-9C6D-E1702F3FD1D6}.Release|x64.Build.0 = Release|Any CPU
		{6B8887F0-38D9-47A1-9C6D-E1702F3FD1D6}.Release|x86.ActiveCfg = Release|Any CPU
		{6B8887F0-38D9-47A1-9C6D-E1702F3FD1D6}.Release|x86.Build.0 = Release|Any CPU
		{F9F8555B-07B5-4EDD-9E1F-7E6243E23877}.Debug|Any CPU.ActiveCfg = Debug|Any CPU
		{F9F8555B-07B5-4EDD-9E1F-7E6243E23877}.Debug|Any CPU.Build.0 = Debug|Any CPU
		{F9F8555B-07B5-4EDD-9E1F-7E6243E23877}.Debug|x64.ActiveCfg = Debug|Any CPU
		{F9F8555B-07B5-4EDD-9E1F-7E6243E23877}.Debug|x64.Build.0 = Debug|Any CPU
		{F9F8555B-07B5-4EDD-9E1F-7E6243E23877}.Debug|x86.ActiveCfg = Debug|Any CPU
		{F9F8555B-07B5-4EDD-9E1F-7E6243E23877}.Debug|x86.Build.0 = Debug|Any CPU
		{F9F8555B-07B5-4EDD-9E1F-7E6243E23877}.Release|Any CPU.ActiveCfg = Release|Any CPU
		{F9F8555B-07B5-4EDD-9E1F-7E6243E23877}.Release|Any CPU.Build.0 = Release|Any CPU
		{F9F8555B-07B5-4EDD-9E1F-7E6243E23877}.Release|x64.ActiveCfg = Release|Any CPU
		{F9F8555B-07B5-4EDD-9E1F-7E6243E23877}.Release|x64.Build.0 = Release|Any CPU
		{F9F8555B-07B5-4EDD-9E1F-7E6243E23877}.Release|x86.ActiveCfg = Release|Any CPU
		{F9F8555B-07B5-4EDD-9E1F-7E6243E23877}.Release|x86.Build.0 = Release|Any CPU
	EndGlobalSection
	GlobalSection(SolutionProperties) = preSolution
		HideSolutionNode = FALSE
	EndGlobalSection
	GlobalSection(ExtensibilityGlobals) = postSolution
		SolutionGuid = {49FC392A-91C5-4E58-9BE8-201A2DA8B61B}
	EndGlobalSection
EndGlobal
